// !$*UTF8*$!
{
	archiveVersion = 1;
	classes = {
	};
	objectVersion = 46;
	objects = {

/* Begin PBXBuildFile section */
		415608E91D8E6F52006899AF /* main.m in Sources */ = {isa = PBXBuildFile; fileRef = 415608E81D8E6F52006899AF /* main.m */; };
		415608EC1D8E6F52006899AF /* AppDelegate.m in Sources */ = {isa = PBXBuildFile; fileRef = 415608EB1D8E6F52006899AF /* AppDelegate.m */; };
		415608EF1D8E6F52006899AF /* ViewController.m in Sources */ = {isa = PBXBuildFile; fileRef = 415608EE1D8E6F52006899AF /* ViewController.m */; };
		415608F21D8E6F52006899AF /* Main.storyboard in Resources */ = {isa = PBXBuildFile; fileRef = 415608F01D8E6F52006899AF /* Main.storyboard */; };
		415608F41D8E6F52006899AF /* Assets.xcassets in Resources */ = {isa = PBXBuildFile; fileRef = 415608F31D8E6F52006899AF /* Assets.xcassets */; };
		415608F71D8E6F52006899AF /* LaunchScreen.storyboard in Resources */ = {isa = PBXBuildFile; fileRef = 415608F51D8E6F52006899AF /* LaunchScreen.storyboard */; };
		415609021D8E6F52006899AF /* kangyuanhuihangTests.m in Sources */ = {isa = PBXBuildFile; fileRef = 415609011D8E6F52006899AF /* kangyuanhuihangTests.m */; };
		4156090D1D8E6F52006899AF /* kangyuanhuihangUITests.m in Sources */ = {isa = PBXBuildFile; fileRef = 4156090C1D8E6F52006899AF /* kangyuanhuihangUITests.m */; };
/* End PBXBuildFile section */

/* Begin PBXContainerItemProxy section */
		415608FE1D8E6F52006899AF /* PBXContainerItemProxy */ = {
			isa = PBXContainerItemProxy;
			containerPortal = 415608DC1D8E6F52006899AF /* Project object */;
			proxyType = 1;
			remoteGlobalIDString = 415608E31D8E6F52006899AF;
			remoteInfo = kangyuanhuihang;
		};
		415609091D8E6F52006899AF /* PBXContainerItemProxy */ = {
			isa = PBXContainerItemProxy;
			containerPortal = 415608DC1D8E6F52006899AF /* Project object */;
			proxyType = 1;
			remoteGlobalIDString = 415608E31D8E6F52006899AF;
			remoteInfo = kangyuanhuihang;
		};
/* End PBXContainerItemProxy section */

/* Begin PBXFileReference section */
		415608E41D8E6F52006899AF /* kangyuanhuihang.app */ = {isa = PBXFileReference; explicitFileType = wrapper.application; includeInIndex = 0; path = kangyuanhuihang.app; sourceTree = BUILT_PRODUCTS_DIR; };
		415608E81D8E6F52006899AF /* main.m */ = {isa = PBXFileReference; lastKnownFileType = sourcecode.c.objc; path = main.m; sourceTree = "<group>"; };
		415608EA1D8E6F52006899AF /* AppDelegate.h */ = {isa = PBXFileReference; lastKnownFileType = sourcecode.c.h; path = AppDelegate.h; sourceTree = "<group>"; };
		415608EB1D8E6F52006899AF /* AppDelegate.m */ = {isa = PBXFileReference; lastKnownFileType = sourcecode.c.objc; path = AppDelegate.m; sourceTree = "<group>"; };
		415608ED1D8E6F52006899AF /* ViewController.h */ = {isa = PBXFileReference; lastKnownFileType = sourcecode.c.h; path = ViewController.h; sourceTree = "<group>"; };
		415608EE1D8E6F52006899AF /* ViewController.m */ = {isa = PBXFileReference; lastKnownFileType = sourcecode.c.objc; path = ViewController.m; sourceTree = "<group>"; };
		415608F11D8E6F52006899AF /* Base */ = {isa = PBXFileReference; lastKnownFileType = file.storyboard; name = Base; path = Base.lproj/Main.storyboard; sourceTree = "<group>"; };
		415608F31D8E6F52006899AF /* Assets.xcassets */ = {isa = PBXFileReference; lastKnownFileType = folder.assetcatalog; path = Assets.xcassets; sourceTree = "<group>"; };
		415608F61D8E6F52006899AF /* Base */ = {isa = PBXFileReference; lastKnownFileType = file.storyboard; name = Base; path = Base.lproj/LaunchScreen.storyboard; sourceTree = "<group>"; };
		415608F81D8E6F52006899AF /* Info.plist */ = {isa = PBXFileReference; lastKnownFileType = text.plist.xml; path = Info.plist; sourceTree = "<group>"; };
		415608FD1D8E6F52006899AF /* kangyuanhuihangTests.xctest */ = {isa = PBXFileReference; explicitFileType = wrapper.cfbundle; includeInIndex = 0; path = kangyuanhuihangTests.xctest; sourceTree = BUILT_PRODUCTS_DIR; };
		415609011D8E6F52006899AF /* kangyuanhuihangTests.m */ = {isa = PBXFileReference; lastKnownFileType = sourcecode.c.objc; path = kangyuanhuihangTests.m; sourceTree = "<group>"; };
		415609031D8E6F52006899AF /* Info.plist */ = {isa = PBXFileReference; lastKnownFileType = text.plist.xml; path = Info.plist; sourceTree = "<group>"; };
		415609081D8E6F52006899AF /* kangyuanhuihangUITests.xctest */ = {isa = PBXFileReference; explicitFileType = wrapper.cfbundle; includeInIndex = 0; path = kangyuanhuihangUITests.xctest; sourceTree = BUILT_PRODUCTS_DIR; };
		4156090C1D8E6F52006899AF /* kangyuanhuihangUITests.m */ = {isa = PBXFileReference; lastKnownFileType = sourcecode.c.objc; path = kangyuanhuihangUITests.m; sourceTree = "<group>"; };
		4156090E1D8E6F52006899AF /* Info.plist */ = {isa = PBXFileReference; lastKnownFileType = text.plist.xml; path = Info.plist; sourceTree = "<group>"; };
/* End PBXFileReference section */

/* Begin PBXFrameworksBuildPhase section */
		415608E11D8E6F52006899AF /* Frameworks */ = {
			isa = PBXFrameworksBuildPhase;
			buildActionMask = 2147483647;
			files = (
			);
			runOnlyForDeploymentPostprocessing = 0;
		};
		415608FA1D8E6F52006899AF /* Frameworks */ = {
			isa = PBXFrameworksBuildPhase;
			buildActionMask = 2147483647;
			files = (
			);
			runOnlyForDeploymentPostprocessing = 0;
		};
		415609051D8E6F52006899AF /* Frameworks */ = {
			isa = PBXFrameworksBuildPhase;
			buildActionMask = 2147483647;
			files = (
			);
			runOnlyForDeploymentPostprocessing = 0;
		};
/* End PBXFrameworksBuildPhase section */

/* Begin PBXGroup section */
		415608DB1D8E6F52006899AF = {
			isa = PBXGroup;
			children = (
				415608E61D8E6F52006899AF /* kangyuanhuihang */,
				415609001D8E6F52006899AF /* kangyuanhuihangTests */,
				4156090B1D8E6F52006899AF /* kangyuanhuihangUITests */,
				415608E51D8E6F52006899AF /* Products */,
			);
			sourceTree = "<group>";
		};
		415608E51D8E6F52006899AF /* Products */ = {
			isa = PBXGroup;
			children = (
				415608E41D8E6F52006899AF /* kangyuanhuihang.app */,
				415608FD1D8E6F52006899AF /* kangyuanhuihangTests.xctest */,
				415609081D8E6F52006899AF /* kangyuanhuihangUITests.xctest */,
			);
			name = Products;
			sourceTree = "<group>";
		};
		415608E61D8E6F52006899AF /* kangyuanhuihang */ = {
			isa = PBXGroup;
			children = (
				415608EA1D8E6F52006899AF /* AppDelegate.h */,
				415608EB1D8E6F52006899AF /* AppDelegate.m */,
				415608ED1D8E6F52006899AF /* ViewController.h */,
				415608EE1D8E6F52006899AF /* ViewController.m */,
				415608F01D8E6F52006899AF /* Main.storyboard */,
				415608F31D8E6F52006899AF /* Assets.xcassets */,
				415608F51D8E6F52006899AF /* LaunchScreen.storyboard */,
				415608F81D8E6F52006899AF /* Info.plist */,
				415608E71D8E6F52006899AF /* Supporting Files */,
			);
			path = kangyuanhuihang;
			sourceTree = "<group>";
		};
		415608E71D8E6F52006899AF /* Supporting Files */ = {
			isa = PBXGroup;
			children = (
				415608E81D8E6F52006899AF /* main.m */,
			);
			name = "Supporting Files";
			sourceTree = "<group>";
		};
		415609001D8E6F52006899AF /* kangyuanhuihangTests */ = {
			isa = PBXGroup;
			children = (
				415609011D8E6F52006899AF /* kangyuanhuihangTests.m */,
				415609031D8E6F52006899AF /* Info.plist */,
			);
			path = kangyuanhuihangTests;
			sourceTree = "<group>";
		};
		4156090B1D8E6F52006899AF /* kangyuanhuihangUITests */ = {
			isa = PBXGroup;
			children = (
				4156090C1D8E6F52006899AF /* kangyuanhuihangUITests.m */,
				4156090E1D8E6F52006899AF /* Info.plist */,
			);
			path = kangyuanhuihangUITests;
			sourceTree = "<group>";
		};
/* End PBXGroup section */

/* Begin PBXNativeTarget section */
		415608E31D8E6F52006899AF /* kangyuanhuihang */ = {
			isa = PBXNativeTarget;
			buildConfigurationList = 415609111D8E6F52006899AF /* Build configuration list for PBXNativeTarget "kangyuanhuihang" */;
			buildPhases = (
				415608E01D8E6F52006899AF /* Sources */,
				415608E11D8E6F52006899AF /* Frameworks */,
				415608E21D8E6F52006899AF /* Resources */,
			);
			buildRules = (
			);
			dependencies = (
			);
			name = kangyuanhuihang;
			productName = kangyuanhuihang;
			productReference = 415608E41D8E6F52006899AF /* kangyuanhuihang.app */;
			productType = "com.apple.product-type.application";
		};
		415608FC1D8E6F52006899AF /* kangyuanhuihangTests */ = {
			isa = PBXNativeTarget;
			buildConfigurationList = 415609141D8E6F52006899AF /* Build configuration list for PBXNativeTarget "kangyuanhuihangTests" */;
			buildPhases = (
				415608F91D8E6F52006899AF /* Sources */,
				415608FA1D8E6F52006899AF /* Frameworks */,
				415608FB1D8E6F52006899AF /* Resources */,
			);
			buildRules = (
			);
			dependencies = (
				415608FF1D8E6F52006899AF /* PBXTargetDependency */,
			);
			name = kangyuanhuihangTests;
			productName = kangyuanhuihangTests;
			productReference = 415608FD1D8E6F52006899AF /* kangyuanhuihangTests.xctest */;
			productType = "com.apple.product-type.bundle.unit-test";
		};
		415609071D8E6F52006899AF /* kangyuanhuihangUITests */ = {
			isa = PBXNativeTarget;
			buildConfigurationList = 415609171D8E6F52006899AF /* Build configuration list for PBXNativeTarget "kangyuanhuihangUITests" */;
			buildPhases = (
				415609041D8E6F52006899AF /* Sources */,
				415609051D8E6F52006899AF /* Frameworks */,
				415609061D8E6F52006899AF /* Resources */,
			);
			buildRules = (
			);
			dependencies = (
				4156090A1D8E6F52006899AF /* PBXTargetDependency */,
			);
			name = kangyuanhuihangUITests;
			productName = kangyuanhuihangUITests;
			productReference = 415609081D8E6F52006899AF /* kangyuanhuihangUITests.xctest */;
			productType = "com.apple.product-type.bundle.ui-testing";
		};
/* End PBXNativeTarget section */

/* Begin PBXProject section */
		415608DC1D8E6F52006899AF /* Project object */ = {
			isa = PBXProject;
			attributes = {
				LastUpgradeCheck = 0730;
				ORGANIZATIONNAME = kangyuanhuihang;
				TargetAttributes = {
					415608E31D8E6F52006899AF = {
						CreatedOnToolsVersion = 7.3.1;
					};
					415608FC1D8E6F52006899AF = {
						CreatedOnToolsVersion = 7.3.1;
						TestTargetID = 415608E31D8E6F52006899AF;
					};
					415609071D8E6F52006899AF = {
						CreatedOnToolsVersion = 7.3.1;
						TestTargetID = 415608E31D8E6F52006899AF;
					};
				};
			};
			buildConfigurationList = 415608DF1D8E6F52006899AF /* Build configuration list for PBXProject "kangyuanhuihang" */;
			compatibilityVersion = "Xcode 3.2";
			developmentRegion = English;
			hasScannedForEncodings = 0;
			knownRegions = (
				en,
				Base,
			);
			mainGroup = 415608DB1D8E6F52006899AF;
			productRefGroup = 415608E51D8E6F52006899AF /* Products */;
			projectDirPath = "";
			projectRoot = "";
			targets = (
				415608E31D8E6F52006899AF /* kangyuanhuihang */,
				415608FC1D8E6F52006899AF /* kangyuanhuihangTests */,
				415609071D8E6F52006899AF /* kangyuanhuihangUITests */,
			);
		};
/* End PBXProject section */

/* Begin PBXResourcesBuildPhase section */
		415608E21D8E6F52006899AF /* Resources */ = {
			isa = PBXResourcesBuildPhase;
			buildActionMask = 2147483647;
			files = (
				415608F71D8E6F52006899AF /* LaunchScreen.storyboard in Resources */,
				415608F41D8E6F52006899AF /* Assets.xcassets in Resources */,
				415608F21D8E6F52006899AF /* Main.storyboard in Resources */,
			);
			runOnlyForDeploymentPostprocessing = 0;
		};
		415608FB1D8E6F52006899AF /* Resources */ = {
			isa = PBXResourcesBuildPhase;
			buildActionMask = 2147483647;
			files = (
			);
			runOnlyForDeploymentPostprocessing = 0;
		};
		415609061D8E6F52006899AF /* Resources */ = {
			isa = PBXResourcesBuildPhase;
			buildActionMask = 2147483647;
			files = (
			);
			runOnlyForDeploymentPostprocessing = 0;
		};
/* End PBXResourcesBuildPhase section */

/* Begin PBXSourcesBuildPhase section */
		415608E01D8E6F52006899AF /* Sources */ = {
			isa = PBXSourcesBuildPhase;
			buildActionMask = 2147483647;
			files = (
				415608EF1D8E6F52006899AF /* ViewController.m in Sources */,
				415608EC1D8E6F52006899AF /* AppDelegate.m in Sources */,
				415608E91D8E6F52006899AF /* main.m in Sources */,
			);
			runOnlyForDeploymentPostprocessing = 0;
		};
		415608F91D8E6F52006899AF /* Sources */ = {
			isa = PBXSourcesBuildPhase;
			buildActionMask = 2147483647;
			files = (
				415609021D8E6F52006899AF /* kangyuanhuihangTests.m in Sources */,
			);
			runOnlyForDeploymentPostprocessing = 0;
		};
		415609041D8E6F52006899AF /* Sources */ = {
			isa = PBXSourcesBuildPhase;
			buildActionMask = 2147483647;
			files = (
				4156090D1D8E6F52006899AF /* kangyuanhuihangUITests.m in Sources */,
			);
			runOnlyForDeploymentPostprocessing = 0;
		};
/* End PBXSourcesBuildPhase section */

/* Begin PBXTargetDependency section */
		415608FF1D8E6F52006899AF /* PBXTargetDependency */ = {
			isa = PBXTargetDependency;
			target = 415608E31D8E6F52006899AF /* kangyuanhuihang */;
			targetProxy = 415608FE1D8E6F52006899AF /* PBXContainerItemProxy */;
		};
		4156090A1D8E6F52006899AF /* PBXTargetDependency */ = {
			isa = PBXTargetDependency;
			target = 415608E31D8E6F52006899AF /* kangyuanhuihang */;
			targetProxy = 415609091D8E6F52006899AF /* PBXContainerItemProxy */;
		};
/* End PBXTargetDependency section */

/* Begin PBXVariantGroup section */
		415608F01D8E6F52006899AF /* Main.storyboard */ = {
			isa = PBXVariantGroup;
			children = (
				415608F11D8E6F52006899AF /* Base */,
			);
			name = Main.storyboard;
			sourceTree = "<group>";
		};
		415608F51D8E6F52006899AF /* LaunchScreen.storyboard */ = {
			isa = PBXVariantGroup;
			children = (
				415608F61D8E6F52006899AF /* Base */,
			);
			name = LaunchScreen.storyboard;
			sourceTree = "<group>";
		};
/* End PBXVariantGroup section */

/* Begin XCBuildConfiguration section */
		4156090F1D8E6F52006899AF /* Debug */ = {
			isa = XCBuildConfiguration;
			buildSettings = {
				ALWAYS_SEARCH_USER_PATHS = NO;
				CLANG_ANALYZER_NONNULL = YES;
				CLANG_CXX_LANGUAGE_STANDARD = "gnu++0x";
				CLANG_CXX_LIBRARY = "libc++";
				CLANG_ENABLE_MODULES = YES;
				CLANG_ENABLE_OBJC_ARC = YES;
				CLANG_WARN_BOOL_CONVERSION = YES;
				CLANG_WARN_CONSTANT_CONVERSION = YES;
				CLANG_WARN_DIRECT_OBJC_ISA_USAGE = YES_ERROR;
				CLANG_WARN_EMPTY_BODY = YES;
				CLANG_WARN_ENUM_CONVERSION = YES;
				CLANG_WARN_INT_CONVERSION = YES;
				CLANG_WARN_OBJC_ROOT_CLASS = YES_ERROR;
				CLANG_WARN_UNREACHABLE_CODE = YES;
				CLANG_WARN__DUPLICATE_METHOD_MATCH = YES;
				"CODE_SIGN_IDENTITY[sdk=iphoneos*]" = "iPhone Developer";
				COPY_PHASE_STRIP = NO;
				DEBUG_INFORMATION_FORMAT = dwarf;
				ENABLE_STRICT_OBJC_MSGSEND = YES;
				ENABLE_TESTABILITY = YES;
				GCC_C_LANGUAGE_STANDARD = gnu99;
				GCC_DYNAMIC_NO_PIC = NO;
				GCC_NO_COMMON_BLOCKS = YES;
				GCC_OPTIMIZATION_LEVEL = 0;
				GCC_PREPROCESSOR_DEFINITIONS = (
					"DEBUG=1",
					"$(inherited)",
				);
				GCC_WARN_64_TO_32_BIT_CONVERSION = YES;
				GCC_WARN_ABOUT_RETURN_TYPE = YES_ERROR;
				GCC_WARN_UNDECLARED_SELECTOR = YES;
				GCC_WARN_UNINITIALIZED_AUTOS = YES_AGGRESSIVE;
				GCC_WARN_UNUSED_FUNCTION = YES;
				GCC_WARN_UNUSED_VARIABLE = YES;
				IPHONEOS_DEPLOYMENT_TARGET = 9.3;
				MTL_ENABLE_DEBUG_INFO = YES;
				ONLY_ACTIVE_ARCH = YES;
				SDKROOT = iphoneos;
				TARGETED_DEVICE_FAMILY = "1,2";
			};
			name = Debug;
		};
		415609101D8E6F52006899AF /* Release */ = {
			isa = XCBuildConfiguration;
			buildSettings = {
				ALWAYS_SEARCH_USER_PATHS = NO;
				CLANG_ANALYZER_NONNULL = YES;
				CLANG_CXX_LANGUAGE_STANDARD = "gnu++0x";
				CLANG_CXX_LIBRARY = "libc++";
				CLANG_ENABLE_MODULES = YES;
				CLANG_ENABLE_OBJC_ARC = YES;
				CLANG_WARN_BOOL_CONVERSION = YES;
				CLANG_WARN_CONSTANT_CONVERSION = YES;
				CLANG_WARN_DIRECT_OBJC_ISA_USAGE = YES_ERROR;
				CLANG_WARN_EMPTY_BODY = YES;
				CLANG_WARN_ENUM_CONVERSION = YES;
				CLANG_WARN_INT_CONVERSION = YES;
				CLANG_WARN_OBJC_ROOT_CLASS = YES_ERROR;
				CLANG_WARN_UNREACHABLE_CODE = YES;
				CLANG_WARN__DUPLICATE_METHOD_MATCH = YES;
				"CODE_SIGN_IDENTITY[sdk=iphoneos*]" = "iPhone Developer";
				COPY_PHASE_STRIP = NO;
				DEBUG_INFORMATION_FORMAT = "dwarf-with-dsym";
				ENABLE_NS_ASSERTIONS = NO;
				ENABLE_STRICT_OBJC_MSGSEND = YES;
				GCC_C_LANGUAGE_STANDARD = gnu99;
				GCC_NO_COMMON_BLOCKS = YES;
				GCC_WARN_64_TO_32_BIT_CONVERSION = YES;
				GCC_WARN_ABOUT_RETURN_TYPE = YES_ERROR;
				GCC_WARN_UNDECLARED_SELECTOR = YES;
				GCC_WARN_UNINITIALIZED_AUTOS = YES_AGGRESSIVE;
				GCC_WARN_UNUSED_FUNCTION = YES;
				GCC_WARN_UNUSED_VARIABLE = YES;
				IPHONEOS_DEPLOYMENT_TARGET = 9.3;
				MTL_ENABLE_DEBUG_INFO = NO;
				SDKROOT = iphoneos;
				TARGETED_DEVICE_FAMILY = "1,2";
				VALIDATE_PRODUCT = YES;
			};
			name = Release;
		};
		415609121D8E6F52006899AF /* Debug */ = {
			isa = XCBuildConfiguration;
			buildSettings = {
				ASSETCATALOG_COMPILER_APPICON_NAME = AppIcon;
				INFOPLIST_FILE = kangyuanhuihang/Info.plist;
				LD_RUNPATH_SEARCH_PATHS = "$(inherited) @executable_path/Frameworks";
				PRODUCT_BUNDLE_IDENTIFIER = com.syj.cn.kangyuanhuihang;
				PRODUCT_NAME = "$(TARGET_NAME)";
			};
			name = Debug;
		};
		415609131D8E6F52006899AF /* Release */ = {
			isa = XCBuildConfiguration;
			buildSettings = {
				ASSETCATALOG_COMPILER_APPICON_NAME = AppIcon;
				INFOPLIST_FILE = kangyuanhuihang/Info.plist;
				LD_RUNPATH_SEARCH_PATHS = "$(inherited) @executable_path/Frameworks";
				PRODUCT_BUNDLE_IDENTIFIER = com.syj.cn.kangyuanhuihang;
				PRODUCT_NAME = "$(TARGET_NAME)";
			};
			name = Release;
		};
		415609151D8E6F52006899AF /* Debug */ = {
			isa = XCBuildConfiguration;
			buildSettings = {
				BUNDLE_LOADER = "$(TEST_HOST)";
				INFOPLIST_FILE = kangyuanhuihangTests/Info.plist;
				LD_RUNPATH_SEARCH_PATHS = "$(inherited) @executable_path/Frameworks @loader_path/Frameworks";
				PRODUCT_BUNDLE_IDENTIFIER = com.syj.cn.kangyuanhuihangTests;
				PRODUCT_NAME = "$(TARGET_NAME)";
				TEST_HOST = "$(BUILT_PRODUCTS_DIR)/kangyuanhuihang.app/kangyuanhuihang";
			};
			name = Debug;
		};
		415609161D8E6F52006899AF /* Release */ = {
			isa = XCBuildConfiguration;
			buildSettings = {
				BUNDLE_LOADER = "$(TEST_HOST)";
				INFOPLIST_FILE = kangyuanhuihangTests/Info.plist;
				LD_RUNPATH_SEARCH_PATHS = "$(inherited) @executable_path/Frameworks @loader_path/Frameworks";
				PRODUCT_BUNDLE_IDENTIFIER = com.syj.cn.kangyuanhuihangTests;
				PRODUCT_NAME = "$(TARGET_NAME)";
				TEST_HOST = "$(BUILT_PRODUCTS_DIR)/kangyuanhuihang.app/kangyuanhuihang";
			};
			name = Release;
		};
		415609181D8E6F52006899AF /* Debug */ = {
			isa = XCBuildConfiguration;
			buildSettings = {
				INFOPLIST_FILE = kangyuanhuihangUITests/Info.plist;
				LD_RUNPATH_SEARCH_PATHS = "$(inherited) @executable_path/Frameworks @loader_path/Frameworks";
				PRODUCT_BUNDLE_IDENTIFIER = com.syj.cn.kangyuanhuihangUITests;
				PRODUCT_NAME = "$(TARGET_NAME)";
				TEST_TARGET_NAME = kangyuanhuihang;
			};
			name = Debug;
		};
		415609191D8E6F52006899AF /* Release */ = {
			isa = XCBuildConfiguration;
			buildSettings = {
				INFOPLIST_FILE = kangyuanhuihangUITests/Info.plist;
				LD_RUNPATH_SEARCH_PATHS = "$(inherited) @executable_path/Frameworks @loader_path/Frameworks";
				PRODUCT_BUNDLE_IDENTIFIER = com.syj.cn.kangyuanhuihangUITests;
				PRODUCT_NAME = "$(TARGET_NAME)";
				TEST_TARGET_NAME = kangyuanhuihang;
			};
			name = Release;
		};
/* End XCBuildConfiguration section */

/* Begin XCConfigurationList section */
		415608DF1D8E6F52006899AF /* Build configuration list for PBXProject "kangyuanhuihang" */ = {
			isa = XCConfigurationList;
			buildConfigurations = (
				4156090F1D8E6F52006899AF /* Debug */,
				415609101D8E6F52006899AF /* Release */,
			);
			defaultConfigurationIsVisible = 0;
			defaultConfigurationName = Release;
		};
		415609111D8E6F52006899AF /* Build configuration list for PBXNativeTarget "kangyuanhuihang" */ = {
			isa = XCConfigurationList;
			buildConfigurations = (
				415609121D8E6F52006899AF /* Debug */,
				415609131D8E6F52006899AF /* Release */,
			);
			defaultConfigurationIsVisible = 0;
		};
		415609141D8E6F52006899AF /* Build configuration list for PBXNativeTarget "kangyuanhuihangTests" */ = {
			isa = XCConfigurationList;
			buildConfigurations = (
				415609151D8E6F52006899AF /* Debug */,
				415609161D8E6F52006899AF /* Release */,
			);
			defaultConfigurationIsVisible = 0;
		};
		415609171D8E6F52006899AF /* Build configuration list for PBXNativeTarget "kangyuanhuihangUITests" */ = {
			isa = XCConfigurationList;
			buildConfigurations = (
				415609181D8E6F52006899AF /* Debug */,
				415609191D8E6F52006899AF /* Release */,
			);
			defaultConfigurationIsVisible = 0;
		};
/* End XCConfigurationList section */
	};
	rootObject = 415608DC1D8E6F52006899AF /* Project object */;
}
